
Microsoft Visual Studio Solution File, Format Version 12.00
# Visual Studio Version 17
VisualStudioVersion = 17.3.32825.248
MinimumVisualStudioVersion = 10.0.40219.1
Project("{FAE04EC0-301F-11D3-BF4B-00C04F79EFBC}") = "CommandScheduler.Example", "CommandScheduler.Example\CommandScheduler.Example.csproj", "{305D9179-A325-4396-93B5-C7207A1E0079}"
EndProject
Global
	GlobalSection(SolutionConfigurationPlatforms) = preSolution
		Debug|Any CPU = Debug|Any CPU
		Release|Any CPU = Release|Any CPU
	EndGlobalSection
	GlobalSection(ProjectConfigurationPlatforms) = postSolution
		{305D9179-A325-4396-93B5-C7207A1E0079}.Debug|Any CPU.ActiveCfg = Debug|Any CPU
		{305D9179-A325-4396-93B5-C7207A1E0079}.Debug|Any CPU.Build.0 = Debug|Any CPU
		{305D9179-A325-4396-93B5-C7207A1E0079}.Release|Any CPU.ActiveCfg = Release|Any CPU
		{305D9179-A325-4396-93B5-C7207A1E0079}.Release|Any CPU.Build.0 = Release|Any CPU
	EndGlobalSection
	GlobalSection(SolutionProperties) = preSolution
		HideSolutionNode = FALSE
	EndGlobalSection
	GlobalSection(ExtensibilityGlobals) = postSolution
		SolutionGuid = {6D62AD92-AFEA-44FC-9AEA-DBE774A9B110}
	EndGlobalSection
EndGlobal
